
Microsoft Visual Studio Solution File, Format Version 12.00
# Visual Studio Version 17
VisualStudioVersion = 17.0.31903.59
MinimumVisualStudioVersion = 10.0.40219.1
Project("{FAE04EC0-301F-11D3-BF4B-00C04F79EFBC}") = "PresentationAPI", "PresentationAPI\PresentationAPI.csproj", "{5329B598-8E21-4BE0-89DD-466489AEFD22}"
EndProject
Project("{FAE04EC0-301F-11D3-BF4B-00C04F79EFBC}") = "Application", "Application\Application.csproj", "{2C868D79-62B9-4515-A6F5-1AF7D2BA31A4}"
EndProject
Project("{FAE04EC0-301F-11D3-BF4B-00C04F79EFBC}") = "BusinessDomain", "BusinessDomain\BusinessDomain.csproj", "{0858B155-CCEA-403B-9908-7A6D3223A38F}"
EndProject
Project("{FAE04EC0-301F-11D3-BF4B-00C04F79EFBC}") = "Persistence", "Persistence\Persistence.csproj", "{27FA1285-EBDB-4F39-A6A9-6BB8A12C2736}"
EndProject
Global
	GlobalSection(SolutionConfigurationPlatforms) = preSolution
		Debug|Any CPU = Debug|Any CPU
		Release|Any CPU = Release|Any CPU
	EndGlobalSection
	GlobalSection(SolutionProperties) = preSolution
		HideSolutionNode = FALSE
	EndGlobalSection
	GlobalSection(ProjectConfigurationPlatforms) = postSolution
		{5329B598-8E21-4BE0-89DD-466489AEFD22}.Debug|Any CPU.ActiveCfg = Debug|Any CPU
		{5329B598-8E21-4BE0-89DD-466489AEFD22}.Debug|Any CPU.Build.0 = Debug|Any CPU
		{5329B598-8E21-4BE0-89DD-466489AEFD22}.Release|Any CPU.ActiveCfg = Release|Any CPU
		{5329B598-8E21-4BE0-89DD-466489AEFD22}.Release|Any CPU.Build.0 = Release|Any CPU
		{2C868D79-62B9-4515-A6F5-1AF7D2BA31A4}.Debug|Any CPU.ActiveCfg = Debug|Any CPU
		{2C868D79-62B9-4515-A6F5-1AF7D2BA31A4}.Debug|Any CPU.Build.0 = Debug|Any CPU
		{2C868D79-62B9-4515-A6F5-1AF7D2BA31A4}.Release|Any CPU.ActiveCfg = Release|Any CPU
		{2C868D79-62B9-4515-A6F5-1AF7D2BA31A4}.Release|Any CPU.Build.0 = Release|Any CPU
		{0858B155-CCEA-403B-9908-7A6D3223A38F}.Debug|Any CPU.ActiveCfg = Debug|Any CPU
		{0858B155-CCEA-403B-9908-7A6D3223A38F}.Debug|Any CPU.Build.0 = Debug|Any CPU
		{0858B155-CCEA-403B-9908-7A6D3223A38F}.Release|Any CPU.ActiveCfg = Release|Any CPU
		{0858B155-CCEA-403B-9908-7A6D3223A38F}.Release|Any CPU.Build.0 = Release|Any CPU
		{27FA1285-EBDB-4F39-A6A9-6BB8A12C2736}.Debug|Any CPU.ActiveCfg = Debug|Any CPU
		{27FA1285-EBDB-4F39-A6A9-6BB8A12C2736}.Debug|Any CPU.Build.0 = Debug|Any CPU
		{27FA1285-EBDB-4F39-A6A9-6BB8A12C2736}.Release|Any CPU.ActiveCfg = Release|Any CPU
		{27FA1285-EBDB-4F39-A6A9-6BB8A12C2736}.Release|Any CPU.Build.0 = Release|Any CPU
	EndGlobalSection
EndGlobal
